
Microsoft Visual Studio Solution File, Format Version 12.00
# Visual Studio 15
VisualStudioVersion = 15.0.28307.902
MinimumVisualStudioVersion = 10.0.40219.1
Project("{FAE04EC0-301F-11D3-BF4B-00C04F79EFBC}") = "AdventureWorksAPI", "AdventureWorksAPI\AdventureWorksAPI.csproj", "{C672A957-64EC-4A61-B06A-D2F74791F04C}"
EndProject
Project("{FAE04EC0-301F-11D3-BF4B-00C04F79EFBC}") = "AdventureWorksAPI.Tests", "AdventureWorksAPI.Tests\AdventureWorksAPI.Tests.csproj", "{DF96ACF0-196E-437B-9A07-2A194B550E88}"
EndProject
Global
	GlobalSection(SolutionConfigurationPlatforms) = preSolution
		Debug|Any CPU = Debug|Any CPU
		Release|Any CPU = Release|Any CPU
	EndGlobalSection
	GlobalSection(ProjectConfigurationPlatforms) = postSolution
		{C672A957-64EC-4A61-B06A-D2F74791F04C}.Debug|Any CPU.ActiveCfg = Debug|Any CPU
		{C672A957-64EC-4A61-B06A-D2F74791F04C}.Debug|Any CPU.Build.0 = Debug|Any CPU
		{C672A957-64EC-4A61-B06A-D2F74791F04C}.Release|Any CPU.ActiveCfg = Release|Any CPU
		{C672A957-64EC-4A61-B06A-D2F74791F04C}.Release|Any CPU.Build.0 = Release|Any CPU
		{DF96ACF0-196E-437B-9A07-2A194B550E88}.Debug|Any CPU.ActiveCfg = Debug|Any CPU
		{DF96ACF0-196E-437B-9A07-2A194B550E88}.Debug|Any CPU.Build.0 = Debug|Any CPU
		{DF96ACF0-196E-437B-9A07-2A194B550E88}.Release|Any CPU.ActiveCfg = Release|Any CPU
		{DF96ACF0-196E-437B-9A07-2A194B550E88}.Release|Any CPU.Build.0 = Release|Any CPU
	EndGlobalSection
	GlobalSection(SolutionProperties) = preSolution
		HideSolutionNode = FALSE
	EndGlobalSection
	GlobalSection(ExtensibilityGlobals) = postSolution
		SolutionGuid = {EE4E03CA-892D-4FB7-BCAC-CAA71867AAA8}
	EndGlobalSection
EndGlobal
